
Microsoft Visual Studio Solution File, Format Version 12.00
# Visual Studio Version 17
VisualStudioVersion = 17.13.35825.156 d17.13
MinimumVisualStudioVersion = 10.0.40219.1
Project("{FAE04EC0-301F-11D3-BF4B-00C04F79EFBC}") = "StrongHelpOfficial", "StrongHelpOfficial.csproj", "{60E50F8F-CA68-47BA-8E07-250A7169EECD}"
EndProject
Global
	GlobalSection(SolutionConfigurationPlatforms) = preSolution
		Debug|Any CPU = Debug|Any CPU
		Release|Any CPU = Release|Any CPU
	EndGlobalSection
	GlobalSection(ProjectConfigurationPlatforms) = postSolution
		{60E50F8F-CA68-47BA-8E07-250A7169EECD}.Debug|Any CPU.ActiveCfg = Debug|Any CPU
		{60E50F8F-CA68-47BA-8E07-250A7169EECD}.Debug|Any CPU.Build.0 = Debug|Any CPU
		{60E50F8F-CA68-47BA-8E07-250A7169EECD}.Release|Any CPU.ActiveCfg = Release|Any CPU
		{60E50F8F-CA68-47BA-8E07-250A7169EECD}.Release|Any CPU.Build.0 = Release|Any CPU
	EndGlobalSection
	GlobalSection(SolutionProperties) = preSolution
		HideSolutionNode = FALSE
	EndGlobalSection
	GlobalSection(ExtensibilityGlobals) = postSolution
		SolutionGuid = {C57D207D-036C-4033-BC3D-BC6D1C55C212}
	EndGlobalSection
EndGlobal
